
Microsoft Visual Studio Solution File, Format Version 10.00
# Visual Studio 2008
Project("{FAE04EC0-301F-11D3-BF4B-00C04F79EFBC}") = "DataAccessLayer", "DataAccessLayer\DataAccessLayer.csproj", "{0811A30D-08B4-4CA8-87F7-1FE1F6B2F334}"
EndProject
Project("{FAE04EC0-301F-11D3-BF4B-00C04F79EFBC}") = "DataAccessLayerTests", "DataAccessLayerTests\DataAccessLayerTests.csproj", "{D4EC22F6-AB63-49BB-BBA0-D652D0CC0C94}"
EndProject
Project("{FAE04EC0-301F-11D3-BF4B-00C04F79EFBC}") = "ServiceInterface", "ServiceInterface\ServiceInterface.csproj", "{93DDB8EE-B533-41DD-AF08-38F65245B753}"
EndProject
Project("{FAE04EC0-301F-11D3-BF4B-00C04F79EFBC}") = "ServiceInterfaceTests", "WebServiceInterfaceTests\ServiceInterfaceTests.csproj", "{D282C864-55BB-4F70-989F-157877A4307C}"
EndProject
Project("{FAE04EC0-301F-11D3-BF4B-00C04F79EFBC}") = "DataModel", "DataModel\DataModel.csproj", "{BF02ACD2-9421-4C57-A472-5D9481F427C7}"
EndProject
Project("{FAE04EC0-301F-11D3-BF4B-00C04F79EFBC}") = "CustomerTests", "CustomerTests\CustomerTests.csproj", "{2CF6B858-B54D-44E4-B505-9E28E61E0F1F}"
EndProject
Global
	GlobalSection(SolutionConfigurationPlatforms) = preSolution
		Debug|Any CPU = Debug|Any CPU
		Release|Any CPU = Release|Any CPU
	EndGlobalSection
	GlobalSection(ProjectConfigurationPlatforms) = postSolution
		{0811A30D-08B4-4CA8-87F7-1FE1F6B2F334}.Debug|Any CPU.ActiveCfg = Debug|Any CPU
		{0811A30D-08B4-4CA8-87F7-1FE1F6B2F334}.Debug|Any CPU.Build.0 = Debug|Any CPU
		{0811A30D-08B4-4CA8-87F7-1FE1F6B2F334}.Release|Any CPU.ActiveCfg = Release|Any CPU
		{0811A30D-08B4-4CA8-87F7-1FE1F6B2F334}.Release|Any CPU.Build.0 = Release|Any CPU
		{D4EC22F6-AB63-49BB-BBA0-D652D0CC0C94}.Debug|Any CPU.ActiveCfg = Debug|Any CPU
		{D4EC22F6-AB63-49BB-BBA0-D652D0CC0C94}.Debug|Any CPU.Build.0 = Debug|Any CPU
		{D4EC22F6-AB63-49BB-BBA0-D652D0CC0C94}.Release|Any CPU.ActiveCfg = Release|Any CPU
		{D4EC22F6-AB63-49BB-BBA0-D652D0CC0C94}.Release|Any CPU.Build.0 = Release|Any CPU
		{93DDB8EE-B533-41DD-AF08-38F65245B753}.Debug|Any CPU.ActiveCfg = Debug|Any CPU
		{93DDB8EE-B533-41DD-AF08-38F65245B753}.Debug|Any CPU.Build.0 = Debug|Any CPU
		{93DDB8EE-B533-41DD-AF08-38F65245B753}.Release|Any CPU.ActiveCfg = Release|Any CPU
		{93DDB8EE-B533-41DD-AF08-38F65245B753}.Release|Any CPU.Build.0 = Release|Any CPU
		{D282C864-55BB-4F70-989F-157877A4307C}.Debug|Any CPU.ActiveCfg = Debug|Any CPU
		{D282C864-55BB-4F70-989F-157877A4307C}.Debug|Any CPU.Build.0 = Debug|Any CPU
		{D282C864-55BB-4F70-989F-157877A4307C}.Release|Any CPU.ActiveCfg = Release|Any CPU
		{D282C864-55BB-4F70-989F-157877A4307C}.Release|Any CPU.Build.0 = Release|Any CPU
		{BF02ACD2-9421-4C57-A472-5D9481F427C7}.Debug|Any CPU.ActiveCfg = Debug|Any CPU
		{BF02ACD2-9421-4C57-A472-5D9481F427C7}.Debug|Any CPU.Build.0 = Debug|Any CPU
		{BF02ACD2-9421-4C57-A472-5D9481F427C7}.Release|Any CPU.ActiveCfg = Release|Any CPU
		{BF02ACD2-9421-4C57-A472-5D9481F427C7}.Release|Any CPU.Build.0 = Release|Any CPU
		{2CF6B858-B54D-44E4-B505-9E28E61E0F1F}.Debug|Any CPU.ActiveCfg = Debug|Any CPU
		{2CF6B858-B54D-44E4-B505-9E28E61E0F1F}.Debug|Any CPU.Build.0 = Debug|Any CPU
		{2CF6B858-B54D-44E4-B505-9E28E61E0F1F}.Release|Any CPU.ActiveCfg = Release|Any CPU
		{2CF6B858-B54D-44E4-B505-9E28E61E0F1F}.Release|Any CPU.Build.0 = Release|Any CPU
	EndGlobalSection
	GlobalSection(SolutionProperties) = preSolution
		HideSolutionNode = FALSE
	EndGlobalSection
EndGlobal
