
Microsoft Visual Studio Solution File, Format Version 10.00
# Visual Studio 2008
Project("{FAE04EC0-301F-11D3-BF4B-00C04F79EFBC}") = "MediaLibrary", "MediaLibrary.DAL\MediaLibrary.csproj", "{0811A30D-08B4-4CA8-87F7-1FE1F6B2F334}"
EndProject
Global
	GlobalSection(SolutionConfigurationPlatforms) = preSolution
		Debug|Any CPU = Debug|Any CPU
		Release|Any CPU = Release|Any CPU
	EndGlobalSection
	GlobalSection(ProjectConfigurationPlatforms) = postSolution
		{0811A30D-08B4-4CA8-87F7-1FE1F6B2F334}.Debug|Any CPU.ActiveCfg = Debug|Any CPU
		{0811A30D-08B4-4CA8-87F7-1FE1F6B2F334}.Debug|Any CPU.Build.0 = Debug|Any CPU
		{0811A30D-08B4-4CA8-87F7-1FE1F6B2F334}.Release|Any CPU.ActiveCfg = Release|Any CPU
		{0811A30D-08B4-4CA8-87F7-1FE1F6B2F334}.Release|Any CPU.Build.0 = Release|Any CPU
	EndGlobalSection
	GlobalSection(SolutionProperties) = preSolution
		HideSolutionNode = FALSE
	EndGlobalSection
EndGlobal
