
Microsoft Visual Studio Solution File, Format Version 10.00
# Visual Studio 2008
Project("{FAE04EC0-301F-11D3-BF4B-00C04F79EFBC}") = "DataAccessLayer", "MediaLibrary\DataAccessLayer.csproj", "{0811A30D-08B4-4CA8-87F7-1FE1F6B2F334}"
EndProject
Project("{FAE04EC0-301F-11D3-BF4B-00C04F79EFBC}") = "DataAccessLayerTests", "Tests\DataAccessLayerTests.csproj", "{D4EC22F6-AB63-49BB-BBA0-D652D0CC0C94}"
EndProject
Project("{FAE04EC0-301F-11D3-BF4B-00C04F79EFBC}") = "WebServiceInterface", "ServiceInterface\WebServiceInterface.csproj", "{93DDB8EE-B533-41DD-AF08-38F65245B753}"
EndProject
Global
	GlobalSection(SolutionConfigurationPlatforms) = preSolution
		Debug|Any CPU = Debug|Any CPU
		Release|Any CPU = Release|Any CPU
	EndGlobalSection
	GlobalSection(ProjectConfigurationPlatforms) = postSolution
		{0811A30D-08B4-4CA8-87F7-1FE1F6B2F334}.Debug|Any CPU.ActiveCfg = Debug|Any CPU
		{0811A30D-08B4-4CA8-87F7-1FE1F6B2F334}.Debug|Any CPU.Build.0 = Debug|Any CPU
		{0811A30D-08B4-4CA8-87F7-1FE1F6B2F334}.Release|Any CPU.ActiveCfg = Release|Any CPU
		{0811A30D-08B4-4CA8-87F7-1FE1F6B2F334}.Release|Any CPU.Build.0 = Release|Any CPU
		{D4EC22F6-AB63-49BB-BBA0-D652D0CC0C94}.Debug|Any CPU.ActiveCfg = Debug|Any CPU
		{D4EC22F6-AB63-49BB-BBA0-D652D0CC0C94}.Debug|Any CPU.Build.0 = Debug|Any CPU
		{D4EC22F6-AB63-49BB-BBA0-D652D0CC0C94}.Release|Any CPU.ActiveCfg = Release|Any CPU
		{D4EC22F6-AB63-49BB-BBA0-D652D0CC0C94}.Release|Any CPU.Build.0 = Release|Any CPU
		{93DDB8EE-B533-41DD-AF08-38F65245B753}.Debug|Any CPU.ActiveCfg = Debug|Any CPU
		{93DDB8EE-B533-41DD-AF08-38F65245B753}.Debug|Any CPU.Build.0 = Debug|Any CPU
		{93DDB8EE-B533-41DD-AF08-38F65245B753}.Release|Any CPU.ActiveCfg = Release|Any CPU
		{93DDB8EE-B533-41DD-AF08-38F65245B753}.Release|Any CPU.Build.0 = Release|Any CPU
	EndGlobalSection
	GlobalSection(SolutionProperties) = preSolution
		HideSolutionNode = FALSE
	EndGlobalSection
EndGlobal
